
Microsoft Visual Studio Solution File, Format Version 12.00
# Visual Studio 15
VisualStudioVersion = 15.0.27130.2027
MinimumVisualStudioVersion = 10.0.40219.1
Project("{FAE04EC0-301F-11D3-BF4B-00C04F79EFBC}") = "SitecoreCookbook", "SitecoreCookbook\SitecoreCookbook.csproj", "{92672475-705C-454C-A905-2EF0975AA67D}"
EndProject
Global
	GlobalSection(SolutionConfigurationPlatforms) = preSolution
		Debug|Any CPU = Debug|Any CPU
		Release|Any CPU = Release|Any CPU
	EndGlobalSection
	GlobalSection(ProjectConfigurationPlatforms) = postSolution
		{92672475-705C-454C-A905-2EF0975AA67D}.Debug|Any CPU.ActiveCfg = Debug|Any CPU
		{92672475-705C-454C-A905-2EF0975AA67D}.Debug|Any CPU.Build.0 = Debug|Any CPU
		{92672475-705C-454C-A905-2EF0975AA67D}.Release|Any CPU.ActiveCfg = Release|Any CPU
		{92672475-705C-454C-A905-2EF0975AA67D}.Release|Any CPU.Build.0 = Release|Any CPU
	EndGlobalSection
	GlobalSection(SolutionProperties) = preSolution
		HideSolutionNode = FALSE
	EndGlobalSection
	GlobalSection(ExtensibilityGlobals) = postSolution
		SolutionGuid = {C98815BA-5AB5-463A-9AA5-F3E395EE7E0F}
	EndGlobalSection
EndGlobal
